
Microsoft Visual Studio Solution File, Format Version 12.00
# Visual Studio Version 16
VisualStudioVersion = 16.0.32228.343
MinimumVisualStudioVersion = 10.0.40219.1
Project("{2150E333-8FDC-42A3-9474-1A3956D46DE8}") = "Sample", "Sample", "{A26473E1-2CCB-44F7-801D-56521E6BB34D}"
EndProject
Project("{FAE04EC0-301F-11D3-BF4B-00C04F79EFBC}") = "ConsoleApp0411", "Sample\ConsoleApp0411\ConsoleApp0411.csproj", "{7E42342B-D7CD-43CB-9EEF-9D5BD1E87877}"
EndProject
Project("{FAE04EC0-301F-11D3-BF4B-00C04F79EFBC}") = "WindowsFormsApp1", "Sample\WindowsFormsApp1\WindowsFormsApp1.csproj", "{EC5AFD60-10D8-4A6E-B970-ABFEF70E78D0}"
EndProject
Project("{FAE04EC0-301F-11D3-BF4B-00C04F79EFBC}") = "BallApp", "Sample\BallApp\BallApp.csproj", "{8881A46B-9894-4645-9432-26095EF2959E}"
EndProject
Project("{2150E333-8FDC-42A3-9474-1A3956D46DE8}") = "Chapter01", "Chapter01", "{A38A864C-4671-4D7F-839C-DA25F7CD65B9}"
EndProject
Project("{FAE04EC0-301F-11D3-BF4B-00C04F79EFBC}") = "ProductSample", "Chapter01\Product\ProductSample.csproj", "{6E9FA336-3A46-4CF9-8F82-C6BFF19DAE55}"
EndProject
Project("{2150E333-8FDC-42A3-9474-1A3956D46DE8}") = "Chapter02", "Chapter02", "{C3389E85-AFF8-4B8C-84C7-B1336339BD60}"
EndProject
Project("{2150E333-8FDC-42A3-9474-1A3956D46DE8}") = "距離換算プログラム", "距離換算プログラム", "{D3C24821-5705-4797-91F9-F267CC0F276A}"
EndProject
Project("{FAE04EC0-301F-11D3-BF4B-00C04F79EFBC}") = "DistanceConverter", "Chapter02\距離換算プログラム\DistanceConverter\DistanceConverter.csproj", "{E43AEC15-1EF9-410B-8B40-23992AAC7AEE}"
EndProject
Project("{2150E333-8FDC-42A3-9474-1A3956D46DE8}") = "売り上げ集計プログラム", "売り上げ集計プログラム", "{0667A662-E4FC-43AE-B159-9E67EA956596}"
EndProject
Project("{FAE04EC0-301F-11D3-BF4B-00C04F79EFBC}") = "SalesCalculator", "Chapter02\売り上げ集計プログラム\SalesCalculator\SalesCalculator.csproj", "{FBDE95DC-3599-49A3-AAB2-EDEB7CCADD0F}"
EndProject
Project("{2150E333-8FDC-42A3-9474-1A3956D46DE8}") = "演習問題", "演習問題", "{02A6CF4C-4E65-4F8A-90AA-93A83CAE24FE}"
EndProject
Project("{FAE04EC0-301F-11D3-BF4B-00C04F79EFBC}") = "Exercise01", "Chapter02\演習問題\Exercise01\Exercise01.csproj", "{3FD6B6BB-4E4B-45AB-B900-FDEA13AFA8E2}"
EndProject
Project("{FAE04EC0-301F-11D3-BF4B-00C04F79EFBC}") = "Exercise03", "Chapter02\演習問題\Exercise03\Exercise03.csproj", "{D2A90AB9-75C1-4333-B84F-EB16CF026A75}"
EndProject
Project("{FAE04EC0-301F-11D3-BF4B-00C04F79EFBC}") = "Exercise02", "Chapter02\演習問題\Exercise02\Exercise02.csproj", "{60CA3410-3B48-479D-975C-1884534FE433}"
EndProject
Project("{2150E333-8FDC-42A3-9474-1A3956D46DE8}") = "Chapter03", "Chapter03", "{B226E35A-B6C3-40E7-B60F-00A31787B489}"
EndProject
Project("{FAE04EC0-301F-11D3-BF4B-00C04F79EFBC}") = "Section01", "Chapter03\Section01\Section01.csproj", "{1E7B753B-04EC-470A-8773-52933622005D}"
EndProject
Project("{FAE04EC0-301F-11D3-BF4B-00C04F79EFBC}") = "Section03", "Chapter03\Section03\Section03\Section03.csproj", "{A2EBDC1B-7CEC-41FD-A3B3-309709301EAF}"
EndProject
Global
	GlobalSection(SolutionConfigurationPlatforms) = preSolution
		Debug|Any CPU = Debug|Any CPU
		Debug|x86 = Debug|x86
		Release|Any CPU = Release|Any CPU
		Release|x86 = Release|x86
	EndGlobalSection
	GlobalSection(ProjectConfigurationPlatforms) = postSolution
		{7E42342B-D7CD-43CB-9EEF-9D5BD1E87877}.Debug|Any CPU.ActiveCfg = Debug|Any CPU
		{7E42342B-D7CD-43CB-9EEF-9D5BD1E87877}.Debug|Any CPU.Build.0 = Debug|Any CPU
		{7E42342B-D7CD-43CB-9EEF-9D5BD1E87877}.Debug|x86.ActiveCfg = Debug|Any CPU
		{7E42342B-D7CD-43CB-9EEF-9D5BD1E87877}.Debug|x86.Build.0 = Debug|Any CPU
		{7E42342B-D7CD-43CB-9EEF-9D5BD1E87877}.Release|Any CPU.ActiveCfg = Release|Any CPU
		{7E42342B-D7CD-43CB-9EEF-9D5BD1E87877}.Release|Any CPU.Build.0 = Release|Any CPU
		{7E42342B-D7CD-43CB-9EEF-9D5BD1E87877}.Release|x86.ActiveCfg = Release|Any CPU
		{7E42342B-D7CD-43CB-9EEF-9D5BD1E87877}.Release|x86.Build.0 = Release|Any CPU
		{EC5AFD60-10D8-4A6E-B970-ABFEF70E78D0}.Debug|Any CPU.ActiveCfg = Debug|Any CPU
		{EC5AFD60-10D8-4A6E-B970-ABFEF70E78D0}.Debug|Any CPU.Build.0 = Debug|Any CPU
		{EC5AFD60-10D8-4A6E-B970-ABFEF70E78D0}.Debug|x86.ActiveCfg = Debug|Any CPU
		{EC5AFD60-10D8-4A6E-B970-ABFEF70E78D0}.Debug|x86.Build.0 = Debug|Any CPU
		{EC5AFD60-10D8-4A6E-B970-ABFEF70E78D0}.Release|Any CPU.ActiveCfg = Release|Any CPU
		{EC5AFD60-10D8-4A6E-B970-ABFEF70E78D0}.Release|Any CPU.Build.0 = Release|Any CPU
		{EC5AFD60-10D8-4A6E-B970-ABFEF70E78D0}.Release|x86.ActiveCfg = Release|Any CPU
		{EC5AFD60-10D8-4A6E-B970-ABFEF70E78D0}.Release|x86.Build.0 = Release|Any CPU
		{8881A46B-9894-4645-9432-26095EF2959E}.Debug|Any CPU.ActiveCfg = Debug|Any CPU
		{8881A46B-9894-4645-9432-26095EF2959E}.Debug|Any CPU.Build.0 = Debug|Any CPU
		{8881A46B-9894-4645-9432-26095EF2959E}.Debug|x86.ActiveCfg = Debug|Any CPU
		{8881A46B-9894-4645-9432-26095EF2959E}.Debug|x86.Build.0 = Debug|Any CPU
		{8881A46B-9894-4645-9432-26095EF2959E}.Release|Any CPU.ActiveCfg = Release|Any CPU
		{8881A46B-9894-4645-9432-26095EF2959E}.Release|Any CPU.Build.0 = Release|Any CPU
		{8881A46B-9894-4645-9432-26095EF2959E}.Release|x86.ActiveCfg = Release|Any CPU
		{8881A46B-9894-4645-9432-26095EF2959E}.Release|x86.Build.0 = Release|Any CPU
		{6E9FA336-3A46-4CF9-8F82-C6BFF19DAE55}.Debug|Any CPU.ActiveCfg = Debug|Any CPU
		{6E9FA336-3A46-4CF9-8F82-C6BFF19DAE55}.Debug|Any CPU.Build.0 = Debug|Any CPU
		{6E9FA336-3A46-4CF9-8F82-C6BFF19DAE55}.Debug|x86.ActiveCfg = Debug|Any CPU
		{6E9FA336-3A46-4CF9-8F82-C6BFF19DAE55}.Debug|x86.Build.0 = Debug|Any CPU
		{6E9FA336-3A46-4CF9-8F82-C6BFF19DAE55}.Release|Any CPU.ActiveCfg = Release|Any CPU
		{6E9FA336-3A46-4CF9-8F82-C6BFF19DAE55}.Release|Any CPU.Build.0 = Release|Any CPU
		{6E9FA336-3A46-4CF9-8F82-C6BFF19DAE55}.Release|x86.ActiveCfg = Release|Any CPU
		{6E9FA336-3A46-4CF9-8F82-C6BFF19DAE55}.Release|x86.Build.0 = Release|Any CPU
		{E43AEC15-1EF9-410B-8B40-23992AAC7AEE}.Debug|Any CPU.ActiveCfg = Debug|Any CPU
		{E43AEC15-1EF9-410B-8B40-23992AAC7AEE}.Debug|Any CPU.Build.0 = Debug|Any CPU
		{E43AEC15-1EF9-410B-8B40-23992AAC7AEE}.Debug|x86.ActiveCfg = Debug|Any CPU
		{E43AEC15-1EF9-410B-8B40-23992AAC7AEE}.Debug|x86.Build.0 = Debug|Any CPU
		{E43AEC15-1EF9-410B-8B40-23992AAC7AEE}.Release|Any CPU.ActiveCfg = Release|Any CPU
		{E43AEC15-1EF9-410B-8B40-23992AAC7AEE}.Release|Any CPU.Build.0 = Release|Any CPU
		{E43AEC15-1EF9-410B-8B40-23992AAC7AEE}.Release|x86.ActiveCfg = Release|Any CPU
		{E43AEC15-1EF9-410B-8B40-23992AAC7AEE}.Release|x86.Build.0 = Release|Any CPU
		{FBDE95DC-3599-49A3-AAB2-EDEB7CCADD0F}.Debug|Any CPU.ActiveCfg = Debug|Any CPU
		{FBDE95DC-3599-49A3-AAB2-EDEB7CCADD0F}.Debug|Any CPU.Build.0 = Debug|Any CPU
		{FBDE95DC-3599-49A3-AAB2-EDEB7CCADD0F}.Debug|x86.ActiveCfg = Debug|Any CPU
		{FBDE95DC-3599-49A3-AAB2-EDEB7CCADD0F}.Debug|x86.Build.0 = Debug|Any CPU
		{FBDE95DC-3599-49A3-AAB2-EDEB7CCADD0F}.Release|Any CPU.ActiveCfg = Release|Any CPU
		{FBDE95DC-3599-49A3-AAB2-EDEB7CCADD0F}.Release|Any CPU.Build.0 = Release|Any CPU
		{FBDE95DC-3599-49A3-AAB2-EDEB7CCADD0F}.Release|x86.ActiveCfg = Release|Any CPU
		{FBDE95DC-3599-49A3-AAB2-EDEB7CCADD0F}.Release|x86.Build.0 = Release|Any CPU
		{3FD6B6BB-4E4B-45AB-B900-FDEA13AFA8E2}.Debug|Any CPU.ActiveCfg = Debug|Any CPU
		{3FD6B6BB-4E4B-45AB-B900-FDEA13AFA8E2}.Debug|Any CPU.Build.0 = Debug|Any CPU
		{3FD6B6BB-4E4B-45AB-B900-FDEA13AFA8E2}.Debug|x86.ActiveCfg = Debug|Any CPU
		{3FD6B6BB-4E4B-45AB-B900-FDEA13AFA8E2}.Debug|x86.Build.0 = Debug|Any CPU
		{3FD6B6BB-4E4B-45AB-B900-FDEA13AFA8E2}.Release|Any CPU.ActiveCfg = Release|Any CPU
		{3FD6B6BB-4E4B-45AB-B900-FDEA13AFA8E2}.Release|Any CPU.Build.0 = Release|Any CPU
		{3FD6B6BB-4E4B-45AB-B900-FDEA13AFA8E2}.Release|x86.ActiveCfg = Release|Any CPU
		{3FD6B6BB-4E4B-45AB-B900-FDEA13AFA8E2}.Release|x86.Build.0 = Release|Any CPU
		{D2A90AB9-75C1-4333-B84F-EB16CF026A75}.Debug|Any CPU.ActiveCfg = Debug|Any CPU
		{D2A90AB9-75C1-4333-B84F-EB16CF026A75}.Debug|Any CPU.Build.0 = Debug|Any CPU
		{D2A90AB9-75C1-4333-B84F-EB16CF026A75}.Debug|x86.ActiveCfg = Debug|Any CPU
		{D2A90AB9-75C1-4333-B84F-EB16CF026A75}.Debug|x86.Build.0 = Debug|Any CPU
		{D2A90AB9-75C1-4333-B84F-EB16CF026A75}.Release|Any CPU.ActiveCfg = Release|Any CPU
		{D2A90AB9-75C1-4333-B84F-EB16CF026A75}.Release|Any CPU.Build.0 = Release|Any CPU
		{D2A90AB9-75C1-4333-B84F-EB16CF026A75}.Release|x86.ActiveCfg = Release|Any CPU
		{D2A90AB9-75C1-4333-B84F-EB16CF026A75}.Release|x86.Build.0 = Release|Any CPU
		{60CA3410-3B48-479D-975C-1884534FE433}.Debug|Any CPU.ActiveCfg = Debug|Any CPU
		{60CA3410-3B48-479D-975C-1884534FE433}.Debug|Any CPU.Build.0 = Debug|Any CPU
		{60CA3410-3B48-479D-975C-1884534FE433}.Debug|x86.ActiveCfg = Debug|Any CPU
		{60CA3410-3B48-479D-975C-1884534FE433}.Debug|x86.Build.0 = Debug|Any CPU
		{60CA3410-3B48-479D-975C-1884534FE433}.Release|Any CPU.ActiveCfg = Release|Any CPU
		{60CA3410-3B48-479D-975C-1884534FE433}.Release|Any CPU.Build.0 = Release|Any CPU
		{60CA3410-3B48-479D-975C-1884534FE433}.Release|x86.ActiveCfg = Release|Any CPU
		{60CA3410-3B48-479D-975C-1884534FE433}.Release|x86.Build.0 = Release|Any CPU
		{1E7B753B-04EC-470A-8773-52933622005D}.Debug|Any CPU.ActiveCfg = Debug|Any CPU
		{1E7B753B-04EC-470A-8773-52933622005D}.Debug|Any CPU.Build.0 = Debug|Any CPU
		{1E7B753B-04EC-470A-8773-52933622005D}.Debug|x86.ActiveCfg = Debug|Any CPU
		{1E7B753B-04EC-470A-8773-52933622005D}.Debug|x86.Build.0 = Debug|Any CPU
		{1E7B753B-04EC-470A-8773-52933622005D}.Release|Any CPU.ActiveCfg = Release|Any CPU
		{1E7B753B-04EC-470A-8773-52933622005D}.Release|Any CPU.Build.0 = Release|Any CPU
		{1E7B753B-04EC-470A-8773-52933622005D}.Release|x86.ActiveCfg = Release|Any CPU
		{1E7B753B-04EC-470A-8773-52933622005D}.Release|x86.Build.0 = Release|Any CPU
		{A2EBDC1B-7CEC-41FD-A3B3-309709301EAF}.Debug|Any CPU.ActiveCfg = Debug|Any CPU
		{A2EBDC1B-7CEC-41FD-A3B3-309709301EAF}.Debug|Any CPU.Build.0 = Debug|Any CPU
		{A2EBDC1B-7CEC-41FD-A3B3-309709301EAF}.Debug|x86.ActiveCfg = Debug|Any CPU
		{A2EBDC1B-7CEC-41FD-A3B3-309709301EAF}.Debug|x86.Build.0 = Debug|Any CPU
		{A2EBDC1B-7CEC-41FD-A3B3-309709301EAF}.Release|Any CPU.ActiveCfg = Release|Any CPU
		{A2EBDC1B-7CEC-41FD-A3B3-309709301EAF}.Release|Any CPU.Build.0 = Release|Any CPU
		{A2EBDC1B-7CEC-41FD-A3B3-309709301EAF}.Release|x86.ActiveCfg = Release|Any CPU
		{A2EBDC1B-7CEC-41FD-A3B3-309709301EAF}.Release|x86.Build.0 = Release|Any CPU
	EndGlobalSection
	GlobalSection(SolutionProperties) = preSolution
		HideSolutionNode = FALSE
	EndGlobalSection
	GlobalSection(NestedProjects) = preSolution
		{7E42342B-D7CD-43CB-9EEF-9D5BD1E87877} = {A26473E1-2CCB-44F7-801D-56521E6BB34D}
		{EC5AFD60-10D8-4A6E-B970-ABFEF70E78D0} = {A26473E1-2CCB-44F7-801D-56521E6BB34D}
		{8881A46B-9894-4645-9432-26095EF2959E} = {A26473E1-2CCB-44F7-801D-56521E6BB34D}
		{6E9FA336-3A46-4CF9-8F82-C6BFF19DAE55} = {A38A864C-4671-4D7F-839C-DA25F7CD65B9}
		{D3C24821-5705-4797-91F9-F267CC0F276A} = {C3389E85-AFF8-4B8C-84C7-B1336339BD60}
		{E43AEC15-1EF9-410B-8B40-23992AAC7AEE} = {D3C24821-5705-4797-91F9-F267CC0F276A}
		{0667A662-E4FC-43AE-B159-9E67EA956596} = {C3389E85-AFF8-4B8C-84C7-B1336339BD60}
		{FBDE95DC-3599-49A3-AAB2-EDEB7CCADD0F} = {0667A662-E4FC-43AE-B159-9E67EA956596}
		{02A6CF4C-4E65-4F8A-90AA-93A83CAE24FE} = {C3389E85-AFF8-4B8C-84C7-B1336339BD60}
		{3FD6B6BB-4E4B-45AB-B900-FDEA13AFA8E2} = {02A6CF4C-4E65-4F8A-90AA-93A83CAE24FE}
		{D2A90AB9-75C1-4333-B84F-EB16CF026A75} = {02A6CF4C-4E65-4F8A-90AA-93A83CAE24FE}
		{60CA3410-3B48-479D-975C-1884534FE433} = {02A6CF4C-4E65-4F8A-90AA-93A83CAE24FE}
		{1E7B753B-04EC-470A-8773-52933622005D} = {B226E35A-B6C3-40E7-B60F-00A31787B489}
		{A2EBDC1B-7CEC-41FD-A3B3-309709301EAF} = {B226E35A-B6C3-40E7-B60F-00A31787B489}
	EndGlobalSection
	GlobalSection(ExtensibilityGlobals) = postSolution
		SolutionGuid = {E8B064F7-E636-40B8-BF3D-BB215C3C0503}
	EndGlobalSection
EndGlobal
