
Microsoft Visual Studio Solution File, Format Version 12.00
# Visual Studio Version 16
VisualStudioVersion = 16.0.32228.343
MinimumVisualStudioVersion = 10.0.40219.1
Project("{2150E333-8FDC-42A3-9474-1A3956D46DE8}") = "Sample", "Sample", "{A26473E1-2CCB-44F7-801D-56521E6BB34D}"
EndProject
Project("{FAE04EC0-301F-11D3-BF4B-00C04F79EFBC}") = "ConsoleApp0411", "Sample\ConsoleApp0411\ConsoleApp0411.csproj", "{7E42342B-D7CD-43CB-9EEF-9D5BD1E87877}"
EndProject
Project("{FAE04EC0-301F-11D3-BF4B-00C04F79EFBC}") = "WindowsFormsApp1", "Sample\WindowsFormsApp1\WindowsFormsApp1.csproj", "{EC5AFD60-10D8-4A6E-B970-ABFEF70E78D0}"
EndProject
Project("{FAE04EC0-301F-11D3-BF4B-00C04F79EFBC}") = "BallApp", "Sample\BallApp\BallApp.csproj", "{8881A46B-9894-4645-9432-26095EF2959E}"
EndProject
Project("{2150E333-8FDC-42A3-9474-1A3956D46DE8}") = "Chapter01", "Chapter01", "{A38A864C-4671-4D7F-839C-DA25F7CD65B9}"
EndProject
Project("{FAE04EC0-301F-11D3-BF4B-00C04F79EFBC}") = "ProductSample", "Chapter01\Product\ProductSample.csproj", "{6E9FA336-3A46-4CF9-8F82-C6BFF19DAE55}"
EndProject
Project("{2150E333-8FDC-42A3-9474-1A3956D46DE8}") = "Chapter02", "Chapter02", "{C3389E85-AFF8-4B8C-84C7-B1336339BD60}"
EndProject
Project("{2150E333-8FDC-42A3-9474-1A3956D46DE8}") = "距離換算プログラム", "距離換算プログラム", "{D3C24821-5705-4797-91F9-F267CC0F276A}"
EndProject
Project("{FAE04EC0-301F-11D3-BF4B-00C04F79EFBC}") = "DistanceConverter", "Chapter02\距離換算プログラム\DistanceConverter\DistanceConverter.csproj", "{E43AEC15-1EF9-410B-8B40-23992AAC7AEE}"
EndProject
Project("{2150E333-8FDC-42A3-9474-1A3956D46DE8}") = "売り上げ集計プログラム", "売り上げ集計プログラム", "{0667A662-E4FC-43AE-B159-9E67EA956596}"
EndProject
Project("{FAE04EC0-301F-11D3-BF4B-00C04F79EFBC}") = "SalesCalculator", "Chapter02\売り上げ集計プログラム\SalesCalculator\SalesCalculator.csproj", "{FBDE95DC-3599-49A3-AAB2-EDEB7CCADD0F}"
EndProject
Project("{2150E333-8FDC-42A3-9474-1A3956D46DE8}") = "演習問題", "演習問題", "{02A6CF4C-4E65-4F8A-90AA-93A83CAE24FE}"
EndProject
Project("{FAE04EC0-301F-11D3-BF4B-00C04F79EFBC}") = "Exercise01", "Chapter02\演習問題\Exercise01\Exercise01.csproj", "{3FD6B6BB-4E4B-45AB-B900-FDEA13AFA8E2}"
EndProject
Project("{FAE04EC0-301F-11D3-BF4B-00C04F79EFBC}") = "Exercise03", "Chapter02\演習問題\Exercise03\Exercise03.csproj", "{D2A90AB9-75C1-4333-B84F-EB16CF026A75}"
EndProject
Project("{FAE04EC0-301F-11D3-BF4B-00C04F79EFBC}") = "Exercise02", "Chapter02\演習問題\Exercise02\Exercise02.csproj", "{60CA3410-3B48-479D-975C-1884534FE433}"
EndProject
Project("{2150E333-8FDC-42A3-9474-1A3956D46DE8}") = "Chapter03", "Chapter03", "{B226E35A-B6C3-40E7-B60F-00A31787B489}"
EndProject
Project("{FAE04EC0-301F-11D3-BF4B-00C04F79EFBC}") = "Section01", "Chapter03\Section01\Section01.csproj", "{1E7B753B-04EC-470A-8773-52933622005D}"
EndProject
Project("{FAE04EC0-301F-11D3-BF4B-00C04F79EFBC}") = "Section03", "Chapter03\Section03\Section03\Section03.csproj", "{A2EBDC1B-7CEC-41FD-A3B3-309709301EAF}"
EndProject
Project("{FAE04EC0-301F-11D3-BF4B-00C04F79EFBC}") = "Section04", "Chapter03\Section04\Section04.csproj", "{CA54177F-4E12-429D-8E55-05F046A083A7}"
EndProject
Project("{2150E333-8FDC-42A3-9474-1A3956D46DE8}") = "演習問題", "演習問題", "{5D5F6C3A-CAB4-4EF2-A05D-9474CBFB4868}"
EndProject
Project("{FAE04EC0-301F-11D3-BF4B-00C04F79EFBC}") = "Exercise01", "Chapter03\演習問題\Exercise01\Exercise01.csproj", "{6316B3B0-D078-4469-852C-6E10C9A2BFC7}"
EndProject
Project("{FAE04EC0-301F-11D3-BF4B-00C04F79EFBC}") = "Exercise02", "Chapter03\演習問題\Exercise02\Exercise02.csproj", "{B0070CF1-201D-4D26-BE7A-43148F643B45}"
EndProject
Project("{2150E333-8FDC-42A3-9474-1A3956D46DE8}") = "Chapter04", "Chapter04", "{27C65232-CDAD-4745-8895-A608C584ABE5}"
EndProject
Project("{2150E333-8FDC-42A3-9474-1A3956D46DE8}") = "条件演算子・null合体演算子", "条件演算子・null合体演算子", "{2C692C8E-69A0-4826-9BE5-530D2C9DB1EE}"
EndProject
Project("{FAE04EC0-301F-11D3-BF4B-00C04F79EFBC}") = "Section04", "Chapter04\条件演算子・null合体演算子\Section04\Section04.csproj", "{0321196F-265E-4AF2-980D-B9271DAC4570}"
EndProject
Project("{2150E333-8FDC-42A3-9474-1A3956D46DE8}") = "TryParse", "TryParse", "{E4953988-B857-4DDB-814F-67015B30E45F}"
EndProject
Project("{FAE04EC0-301F-11D3-BF4B-00C04F79EFBC}") = "Section07", "Chapter04\TryParse\Section07\Section07.csproj", "{32529BC5-B9BF-4626-8F57-ADCC9FD69857}"
EndProject
Project("{2150E333-8FDC-42A3-9474-1A3956D46DE8}") = "演習問題", "演習問題", "{560F7A1D-424B-4DC2-9FCA-0D79DA9E7440}"
EndProject
Project("{FAE04EC0-301F-11D3-BF4B-00C04F79EFBC}") = "Exercise01", "Chapter04\演習問題\Exercise01\Exercise01.csproj", "{EC6F0DEF-5789-4EC7-A59E-C3571DF05C51}"
EndProject
Project("{FAE04EC0-301F-11D3-BF4B-00C04F79EFBC}") = "Exercise02", "Chapter04\演習問題\Exercise02\Exercise02.csproj", "{A806999E-9598-4520-A13F-3B5AC4B8B820}"
EndProject
Project("{2150E333-8FDC-42A3-9474-1A3956D46DE8}") = "Chapter05", "Chapter05", "{B7AC3A18-D697-4D3F-85FC-422FC10D77B8}"
EndProject
Project("{2150E333-8FDC-42A3-9474-1A3956D46DE8}") = "演習問題", "演習問題", "{87309B39-1709-49AC-B0D8-BD57133E0C90}"
EndProject
Project("{FAE04EC0-301F-11D3-BF4B-00C04F79EFBC}") = "Exercise01", "Chapter05\演習問題\Exercise01\Exercise01.csproj", "{76BD1F87-0244-443F-B892-3BC4886C7CF5}"
EndProject
Project("{FAE04EC0-301F-11D3-BF4B-00C04F79EFBC}") = "Exercise02", "Chapter05\演習問題\Exercise02\Exercise02.csproj", "{E50645AC-F12F-4C05-BB7B-9913D8C122CC}"
EndProject
Project("{FAE04EC0-301F-11D3-BF4B-00C04F79EFBC}") = "Exercise03", "Chapter05\演習問題\Exercise03\Exercise03.csproj", "{66FC9162-CB40-4964-9EA6-14A560AA8713}"
EndProject
Project("{FAE04EC0-301F-11D3-BF4B-00C04F79EFBC}") = "Exercise04", "Chapter05\演習問題\Exercise04\Exercise04.csproj", "{D9A1F62B-311B-4BD9-A9A7-1CF9671BD0D8}"
EndProject
Project("{2150E333-8FDC-42A3-9474-1A3956D46DE8}") = "Chapter06", "Chapter06", "{BEE20C7D-175C-4A9F-B4C8-97D7BBFB2150}"
EndProject
Project("{FAE04EC0-301F-11D3-BF4B-00C04F79EFBC}") = "Section01", "Chapter06\Section01\Section01.csproj", "{A38C0BB5-46D5-4B55-986F-550BE602A280}"
EndProject
Project("{FAE04EC0-301F-11D3-BF4B-00C04F79EFBC}") = "Section02", "Chapter06\Section02\Section02.csproj", "{29138D42-2811-4444-80FE-E766887C0928}"
EndProject
Project("{2150E333-8FDC-42A3-9474-1A3956D46DE8}") = "演習問題", "演習問題", "{EA5429B1-5EFC-45C2-8BAF-F22A21B2F056}"
EndProject
Project("{FAE04EC0-301F-11D3-BF4B-00C04F79EFBC}") = "Exercise01", "Chapter06\演習問題\Exercise01\Exercise01.csproj", "{1F6C9DB1-9805-4F20-9576-E824EE43D889}"
EndProject
Project("{FAE04EC0-301F-11D3-BF4B-00C04F79EFBC}") = "Exercise02", "Chapter06\演習問題\Exercise02\Exercise02.csproj", "{F6051E8F-98BF-4F88-8558-C532F5482D27}"
EndProject
Project("{2150E333-8FDC-42A3-9474-1A3956D46DE8}") = "試験01", "試験01", "{C20828F5-BF5B-4196-8B84-161C0159A77D}"
EndProject
Project("{FAE04EC0-301F-11D3-BF4B-00C04F79EFBC}") = "Test01", "TestProject\Test01\Test01.csproj", "{2BFACDC3-F44D-4199-8498-F5C3C4AC0335}"
EndProject
Project("{FAE04EC0-301F-11D3-BF4B-00C04F79EFBC}") = "Test02", "TestProject\Test02\Test02.csproj", "{E461C0A8-8900-485C-B520-E929BA33F712}"
EndProject
Project("{2150E333-8FDC-42A3-9474-1A3956D46DE8}") = "Chapter07", "Chapter07", "{25749EEE-39E5-4D0F-99DE-1AF471539655}"
EndProject
Project("{FAE04EC0-301F-11D3-BF4B-00C04F79EFBC}") = "Section01", "Chapter07\Section01\Section01.csproj", "{9E8A82EE-C1E4-4A23-92BB-535ACBD39320}"
EndProject
Project("{FAE04EC0-301F-11D3-BF4B-00C04F79EFBC}") = "Section02", "Chapter07\Section02\Section02.csproj", "{0B4548C2-C3E2-4C0B-8A5F-BCFD98BA45CF}"
EndProject
Project("{FAE04EC0-301F-11D3-BF4B-00C04F79EFBC}") = "Section03", "Chapter07\Section03\Section03.csproj", "{55B9FC14-8893-411D-A392-C99E47F34B53}"
EndProject
Project("{2150E333-8FDC-42A3-9474-1A3956D46DE8}") = "演習問題", "演習問題", "{91E63EDB-E4F4-4133-BC8C-FBE8C31685A8}"
EndProject
Project("{FAE04EC0-301F-11D3-BF4B-00C04F79EFBC}") = "Exercise01", "Chapter07\演習問題\Exercise01\Exercise01.csproj", "{3EC25EC1-0E50-4977-8E42-012B9579B528}"
EndProject
Project("{FAE04EC0-301F-11D3-BF4B-00C04F79EFBC}") = "Exercise02", "Chapter07\演習問題\Exercise02\Exercise02.csproj", "{B4CC14BC-ED50-4BB8-8122-E455F9B1B215}"
EndProject
Project("{2150E333-8FDC-42A3-9474-1A3956D46DE8}") = "Chapter08", "Chapter08", "{16738D99-3F76-4033-BC8C-F2C691135388}"
EndProject
Project("{2150E333-8FDC-42A3-9474-1A3956D46DE8}") = "演習問題", "演習問題", "{52B5F531-80A0-48F4-A4AA-F81A980A8E07}"
EndProject
Project("{FAE04EC0-301F-11D3-BF4B-00C04F79EFBC}") = "Exercise01", "Chapter08\演習問題\Exercise01\Exercise01.csproj", "{5B4900B6-C83B-419A-8659-AF09F7415EC2}"
EndProject
Project("{FAE04EC0-301F-11D3-BF4B-00C04F79EFBC}") = "Exercise02", "Chapter08\演習問題\Exercise02\Exercise02.csproj", "{BAACA65B-A6BC-44C5-8241-3EDEC3DB5214}"
EndProject
Project("{FAE04EC0-301F-11D3-BF4B-00C04F79EFBC}") = "Exercise03", "Chapter08\演習問題\Exercise03\Exercise03.csproj", "{D614FA80-D264-4E2D-B07B-9515A14F9D1E}"
EndProject
Project("{2150E333-8FDC-42A3-9474-1A3956D46DE8}") = "フォームアプリケーション", "フォームアプリケーション", "{B4F0157F-E818-4039-976E-21FBD4C7F0BB}"
EndProject
Project("{FAE04EC0-301F-11D3-BF4B-00C04F79EFBC}") = "CalendarApp", "Chapter08\フォームアプリケーション\CalendarApp\CalendarApp.csproj", "{3E1D69CD-2ADE-4267-90F6-420A9647120F}"
EndProject
Project("{2150E333-8FDC-42A3-9474-1A3956D46DE8}") = "FormApps", "FormApps", "{B7357FAF-C06D-4584-AE26-C9C46654EE53}"
EndProject
Project("{FAE04EC0-301F-11D3-BF4B-00C04F79EFBC}") = "CarReportSystem", "FormApps\CarReportSystem\CarReportSystem.csproj", "{663B1EE1-E4EF-442D-A910-1D7A926BF966}"
EndProject
Project("{2150E333-8FDC-42A3-9474-1A3956D46DE8}") = "Chapter13", "Chapter13", "{D41EB1CF-0FC6-4663-B53B-8AFE5C6592AF}"
EndProject
Project("{FAE04EC0-301F-11D3-BF4B-00C04F79EFBC}") = "SampleEntityFramework", "Chapter13\SampleEntityFramework\SampleEntityFramework.csproj", "{85A0EB28-B633-4297-BB2F-CBDD5C307B05}"
EndProject
Project("{2150E333-8FDC-42A3-9474-1A3956D46DE8}") = "Chapter14", "Chapter14", "{45C05E45-47DD-4713-854F-5F2EF6878438}"
EndProject
Project("{FAE04EC0-301F-11D3-BF4B-00C04F79EFBC}") = "Section01", "Chapter14\Section01\Section01.csproj", "{87BF4B28-8B22-4762-939F-8ADF800C5073}"
EndProject
Project("{FAE04EC0-301F-11D3-BF4B-00C04F79EFBC}") = "Section02", "Chapter14\Section02\Section02.csproj", "{EFAAA44A-524E-49D3-8018-8B90C9F2303C}"
EndProject
Project("{FAE04EC0-301F-11D3-BF4B-00C04F79EFBC}") = "Section04", "Chapter14\Section04\Section04.csproj", "{A6884038-4F54-4802-9425-262C55C85BD0}"
EndProject
Global
	GlobalSection(SolutionConfigurationPlatforms) = preSolution
		Debug|Any CPU = Debug|Any CPU
		Debug|x86 = Debug|x86
		Release|Any CPU = Release|Any CPU
		Release|x86 = Release|x86
	EndGlobalSection
	GlobalSection(ProjectConfigurationPlatforms) = postSolution
		{7E42342B-D7CD-43CB-9EEF-9D5BD1E87877}.Debug|Any CPU.ActiveCfg = Debug|Any CPU
		{7E42342B-D7CD-43CB-9EEF-9D5BD1E87877}.Debug|Any CPU.Build.0 = Debug|Any CPU
		{7E42342B-D7CD-43CB-9EEF-9D5BD1E87877}.Debug|x86.ActiveCfg = Debug|Any CPU
		{7E42342B-D7CD-43CB-9EEF-9D5BD1E87877}.Debug|x86.Build.0 = Debug|Any CPU
		{7E42342B-D7CD-43CB-9EEF-9D5BD1E87877}.Release|Any CPU.ActiveCfg = Release|Any CPU
		{7E42342B-D7CD-43CB-9EEF-9D5BD1E87877}.Release|Any CPU.Build.0 = Release|Any CPU
		{7E42342B-D7CD-43CB-9EEF-9D5BD1E87877}.Release|x86.ActiveCfg = Release|Any CPU
		{7E42342B-D7CD-43CB-9EEF-9D5BD1E87877}.Release|x86.Build.0 = Release|Any CPU
		{EC5AFD60-10D8-4A6E-B970-ABFEF70E78D0}.Debug|Any CPU.ActiveCfg = Debug|Any CPU
		{EC5AFD60-10D8-4A6E-B970-ABFEF70E78D0}.Debug|Any CPU.Build.0 = Debug|Any CPU
		{EC5AFD60-10D8-4A6E-B970-ABFEF70E78D0}.Debug|x86.ActiveCfg = Debug|Any CPU
		{EC5AFD60-10D8-4A6E-B970-ABFEF70E78D0}.Debug|x86.Build.0 = Debug|Any CPU
		{EC5AFD60-10D8-4A6E-B970-ABFEF70E78D0}.Release|Any CPU.ActiveCfg = Release|Any CPU
		{EC5AFD60-10D8-4A6E-B970-ABFEF70E78D0}.Release|Any CPU.Build.0 = Release|Any CPU
		{EC5AFD60-10D8-4A6E-B970-ABFEF70E78D0}.Release|x86.ActiveCfg = Release|Any CPU
		{EC5AFD60-10D8-4A6E-B970-ABFEF70E78D0}.Release|x86.Build.0 = Release|Any CPU
		{8881A46B-9894-4645-9432-26095EF2959E}.Debug|Any CPU.ActiveCfg = Debug|Any CPU
		{8881A46B-9894-4645-9432-26095EF2959E}.Debug|Any CPU.Build.0 = Debug|Any CPU
		{8881A46B-9894-4645-9432-26095EF2959E}.Debug|x86.ActiveCfg = Debug|Any CPU
		{8881A46B-9894-4645-9432-26095EF2959E}.Debug|x86.Build.0 = Debug|Any CPU
		{8881A46B-9894-4645-9432-26095EF2959E}.Release|Any CPU.ActiveCfg = Release|Any CPU
		{8881A46B-9894-4645-9432-26095EF2959E}.Release|Any CPU.Build.0 = Release|Any CPU
		{8881A46B-9894-4645-9432-26095EF2959E}.Release|x86.ActiveCfg = Release|Any CPU
		{8881A46B-9894-4645-9432-26095EF2959E}.Release|x86.Build.0 = Release|Any CPU
		{6E9FA336-3A46-4CF9-8F82-C6BFF19DAE55}.Debug|Any CPU.ActiveCfg = Debug|Any CPU
		{6E9FA336-3A46-4CF9-8F82-C6BFF19DAE55}.Debug|Any CPU.Build.0 = Debug|Any CPU
		{6E9FA336-3A46-4CF9-8F82-C6BFF19DAE55}.Debug|x86.ActiveCfg = Debug|Any CPU
		{6E9FA336-3A46-4CF9-8F82-C6BFF19DAE55}.Debug|x86.Build.0 = Debug|Any CPU
		{6E9FA336-3A46-4CF9-8F82-C6BFF19DAE55}.Release|Any CPU.ActiveCfg = Release|Any CPU
		{6E9FA336-3A46-4CF9-8F82-C6BFF19DAE55}.Release|Any CPU.Build.0 = Release|Any CPU
		{6E9FA336-3A46-4CF9-8F82-C6BFF19DAE55}.Release|x86.ActiveCfg = Release|Any CPU
		{6E9FA336-3A46-4CF9-8F82-C6BFF19DAE55}.Release|x86.Build.0 = Release|Any CPU
		{E43AEC15-1EF9-410B-8B40-23992AAC7AEE}.Debug|Any CPU.ActiveCfg = Debug|Any CPU
		{E43AEC15-1EF9-410B-8B40-23992AAC7AEE}.Debug|Any CPU.Build.0 = Debug|Any CPU
		{E43AEC15-1EF9-410B-8B40-23992AAC7AEE}.Debug|x86.ActiveCfg = Debug|Any CPU
		{E43AEC15-1EF9-410B-8B40-23992AAC7AEE}.Debug|x86.Build.0 = Debug|Any CPU
		{E43AEC15-1EF9-410B-8B40-23992AAC7AEE}.Release|Any CPU.ActiveCfg = Release|Any CPU
		{E43AEC15-1EF9-410B-8B40-23992AAC7AEE}.Release|Any CPU.Build.0 = Release|Any CPU
		{E43AEC15-1EF9-410B-8B40-23992AAC7AEE}.Release|x86.ActiveCfg = Release|Any CPU
		{E43AEC15-1EF9-410B-8B40-23992AAC7AEE}.Release|x86.Build.0 = Release|Any CPU
		{FBDE95DC-3599-49A3-AAB2-EDEB7CCADD0F}.Debug|Any CPU.ActiveCfg = Debug|Any CPU
		{FBDE95DC-3599-49A3-AAB2-EDEB7CCADD0F}.Debug|Any CPU.Build.0 = Debug|Any CPU
		{FBDE95DC-3599-49A3-AAB2-EDEB7CCADD0F}.Debug|x86.ActiveCfg = Debug|Any CPU
		{FBDE95DC-3599-49A3-AAB2-EDEB7CCADD0F}.Debug|x86.Build.0 = Debug|Any CPU
		{FBDE95DC-3599-49A3-AAB2-EDEB7CCADD0F}.Release|Any CPU.ActiveCfg = Release|Any CPU
		{FBDE95DC-3599-49A3-AAB2-EDEB7CCADD0F}.Release|Any CPU.Build.0 = Release|Any CPU
		{FBDE95DC-3599-49A3-AAB2-EDEB7CCADD0F}.Release|x86.ActiveCfg = Release|Any CPU
		{FBDE95DC-3599-49A3-AAB2-EDEB7CCADD0F}.Release|x86.Build.0 = Release|Any CPU
		{3FD6B6BB-4E4B-45AB-B900-FDEA13AFA8E2}.Debug|Any CPU.ActiveCfg = Debug|Any CPU
		{3FD6B6BB-4E4B-45AB-B900-FDEA13AFA8E2}.Debug|Any CPU.Build.0 = Debug|Any CPU
		{3FD6B6BB-4E4B-45AB-B900-FDEA13AFA8E2}.Debug|x86.ActiveCfg = Debug|Any CPU
		{3FD6B6BB-4E4B-45AB-B900-FDEA13AFA8E2}.Debug|x86.Build.0 = Debug|Any CPU
		{3FD6B6BB-4E4B-45AB-B900-FDEA13AFA8E2}.Release|Any CPU.ActiveCfg = Release|Any CPU
		{3FD6B6BB-4E4B-45AB-B900-FDEA13AFA8E2}.Release|Any CPU.Build.0 = Release|Any CPU
		{3FD6B6BB-4E4B-45AB-B900-FDEA13AFA8E2}.Release|x86.ActiveCfg = Release|Any CPU
		{3FD6B6BB-4E4B-45AB-B900-FDEA13AFA8E2}.Release|x86.Build.0 = Release|Any CPU
		{D2A90AB9-75C1-4333-B84F-EB16CF026A75}.Debug|Any CPU.ActiveCfg = Debug|Any CPU
		{D2A90AB9-75C1-4333-B84F-EB16CF026A75}.Debug|Any CPU.Build.0 = Debug|Any CPU
		{D2A90AB9-75C1-4333-B84F-EB16CF026A75}.Debug|x86.ActiveCfg = Debug|Any CPU
		{D2A90AB9-75C1-4333-B84F-EB16CF026A75}.Debug|x86.Build.0 = Debug|Any CPU
		{D2A90AB9-75C1-4333-B84F-EB16CF026A75}.Release|Any CPU.ActiveCfg = Release|Any CPU
		{D2A90AB9-75C1-4333-B84F-EB16CF026A75}.Release|Any CPU.Build.0 = Release|Any CPU
		{D2A90AB9-75C1-4333-B84F-EB16CF026A75}.Release|x86.ActiveCfg = Release|Any CPU
		{D2A90AB9-75C1-4333-B84F-EB16CF026A75}.Release|x86.Build.0 = Release|Any CPU
		{60CA3410-3B48-479D-975C-1884534FE433}.Debug|Any CPU.ActiveCfg = Debug|Any CPU
		{60CA3410-3B48-479D-975C-1884534FE433}.Debug|Any CPU.Build.0 = Debug|Any CPU
		{60CA3410-3B48-479D-975C-1884534FE433}.Debug|x86.ActiveCfg = Debug|Any CPU
		{60CA3410-3B48-479D-975C-1884534FE433}.Debug|x86.Build.0 = Debug|Any CPU
		{60CA3410-3B48-479D-975C-1884534FE433}.Release|Any CPU.ActiveCfg = Release|Any CPU
		{60CA3410-3B48-479D-975C-1884534FE433}.Release|Any CPU.Build.0 = Release|Any CPU
		{60CA3410-3B48-479D-975C-1884534FE433}.Release|x86.ActiveCfg = Release|Any CPU
		{60CA3410-3B48-479D-975C-1884534FE433}.Release|x86.Build.0 = Release|Any CPU
		{1E7B753B-04EC-470A-8773-52933622005D}.Debug|Any CPU.ActiveCfg = Debug|Any CPU
		{1E7B753B-04EC-470A-8773-52933622005D}.Debug|Any CPU.Build.0 = Debug|Any CPU
		{1E7B753B-04EC-470A-8773-52933622005D}.Debug|x86.ActiveCfg = Debug|Any CPU
		{1E7B753B-04EC-470A-8773-52933622005D}.Debug|x86.Build.0 = Debug|Any CPU
		{1E7B753B-04EC-470A-8773-52933622005D}.Release|Any CPU.ActiveCfg = Release|Any CPU
		{1E7B753B-04EC-470A-8773-52933622005D}.Release|Any CPU.Build.0 = Release|Any CPU
		{1E7B753B-04EC-470A-8773-52933622005D}.Release|x86.ActiveCfg = Release|Any CPU
		{1E7B753B-04EC-470A-8773-52933622005D}.Release|x86.Build.0 = Release|Any CPU
		{A2EBDC1B-7CEC-41FD-A3B3-309709301EAF}.Debug|Any CPU.ActiveCfg = Debug|Any CPU
		{A2EBDC1B-7CEC-41FD-A3B3-309709301EAF}.Debug|Any CPU.Build.0 = Debug|Any CPU
		{A2EBDC1B-7CEC-41FD-A3B3-309709301EAF}.Debug|x86.ActiveCfg = Debug|Any CPU
		{A2EBDC1B-7CEC-41FD-A3B3-309709301EAF}.Debug|x86.Build.0 = Debug|Any CPU
		{A2EBDC1B-7CEC-41FD-A3B3-309709301EAF}.Release|Any CPU.ActiveCfg = Release|Any CPU
		{A2EBDC1B-7CEC-41FD-A3B3-309709301EAF}.Release|Any CPU.Build.0 = Release|Any CPU
		{A2EBDC1B-7CEC-41FD-A3B3-309709301EAF}.Release|x86.ActiveCfg = Release|Any CPU
		{A2EBDC1B-7CEC-41FD-A3B3-309709301EAF}.Release|x86.Build.0 = Release|Any CPU
		{CA54177F-4E12-429D-8E55-05F046A083A7}.Debug|Any CPU.ActiveCfg = Debug|Any CPU
		{CA54177F-4E12-429D-8E55-05F046A083A7}.Debug|Any CPU.Build.0 = Debug|Any CPU
		{CA54177F-4E12-429D-8E55-05F046A083A7}.Debug|x86.ActiveCfg = Debug|Any CPU
		{CA54177F-4E12-429D-8E55-05F046A083A7}.Debug|x86.Build.0 = Debug|Any CPU
		{CA54177F-4E12-429D-8E55-05F046A083A7}.Release|Any CPU.ActiveCfg = Release|Any CPU
		{CA54177F-4E12-429D-8E55-05F046A083A7}.Release|Any CPU.Build.0 = Release|Any CPU
		{CA54177F-4E12-429D-8E55-05F046A083A7}.Release|x86.ActiveCfg = Release|Any CPU
		{CA54177F-4E12-429D-8E55-05F046A083A7}.Release|x86.Build.0 = Release|Any CPU
		{6316B3B0-D078-4469-852C-6E10C9A2BFC7}.Debug|Any CPU.ActiveCfg = Debug|Any CPU
		{6316B3B0-D078-4469-852C-6E10C9A2BFC7}.Debug|Any CPU.Build.0 = Debug|Any CPU
		{6316B3B0-D078-4469-852C-6E10C9A2BFC7}.Debug|x86.ActiveCfg = Debug|Any CPU
		{6316B3B0-D078-4469-852C-6E10C9A2BFC7}.Debug|x86.Build.0 = Debug|Any CPU
		{6316B3B0-D078-4469-852C-6E10C9A2BFC7}.Release|Any CPU.ActiveCfg = Release|Any CPU
		{6316B3B0-D078-4469-852C-6E10C9A2BFC7}.Release|Any CPU.Build.0 = Release|Any CPU
		{6316B3B0-D078-4469-852C-6E10C9A2BFC7}.Release|x86.ActiveCfg = Release|Any CPU
		{6316B3B0-D078-4469-852C-6E10C9A2BFC7}.Release|x86.Build.0 = Release|Any CPU
		{B0070CF1-201D-4D26-BE7A-43148F643B45}.Debug|Any CPU.ActiveCfg = Debug|Any CPU
		{B0070CF1-201D-4D26-BE7A-43148F643B45}.Debug|Any CPU.Build.0 = Debug|Any CPU
		{B0070CF1-201D-4D26-BE7A-43148F643B45}.Debug|x86.ActiveCfg = Debug|Any CPU
		{B0070CF1-201D-4D26-BE7A-43148F643B45}.Debug|x86.Build.0 = Debug|Any CPU
		{B0070CF1-201D-4D26-BE7A-43148F643B45}.Release|Any CPU.ActiveCfg = Release|Any CPU
		{B0070CF1-201D-4D26-BE7A-43148F643B45}.Release|Any CPU.Build.0 = Release|Any CPU
		{B0070CF1-201D-4D26-BE7A-43148F643B45}.Release|x86.ActiveCfg = Release|Any CPU
		{B0070CF1-201D-4D26-BE7A-43148F643B45}.Release|x86.Build.0 = Release|Any CPU
		{0321196F-265E-4AF2-980D-B9271DAC4570}.Debug|Any CPU.ActiveCfg = Debug|Any CPU
		{0321196F-265E-4AF2-980D-B9271DAC4570}.Debug|Any CPU.Build.0 = Debug|Any CPU
		{0321196F-265E-4AF2-980D-B9271DAC4570}.Debug|x86.ActiveCfg = Debug|Any CPU
		{0321196F-265E-4AF2-980D-B9271DAC4570}.Debug|x86.Build.0 = Debug|Any CPU
		{0321196F-265E-4AF2-980D-B9271DAC4570}.Release|Any CPU.ActiveCfg = Release|Any CPU
		{0321196F-265E-4AF2-980D-B9271DAC4570}.Release|Any CPU.Build.0 = Release|Any CPU
		{0321196F-265E-4AF2-980D-B9271DAC4570}.Release|x86.ActiveCfg = Release|Any CPU
		{0321196F-265E-4AF2-980D-B9271DAC4570}.Release|x86.Build.0 = Release|Any CPU
		{32529BC5-B9BF-4626-8F57-ADCC9FD69857}.Debug|Any CPU.ActiveCfg = Debug|Any CPU
		{32529BC5-B9BF-4626-8F57-ADCC9FD69857}.Debug|Any CPU.Build.0 = Debug|Any CPU
		{32529BC5-B9BF-4626-8F57-ADCC9FD69857}.Debug|x86.ActiveCfg = Debug|Any CPU
		{32529BC5-B9BF-4626-8F57-ADCC9FD69857}.Debug|x86.Build.0 = Debug|Any CPU
		{32529BC5-B9BF-4626-8F57-ADCC9FD69857}.Release|Any CPU.ActiveCfg = Release|Any CPU
		{32529BC5-B9BF-4626-8F57-ADCC9FD69857}.Release|Any CPU.Build.0 = Release|Any CPU
		{32529BC5-B9BF-4626-8F57-ADCC9FD69857}.Release|x86.ActiveCfg = Release|Any CPU
		{32529BC5-B9BF-4626-8F57-ADCC9FD69857}.Release|x86.Build.0 = Release|Any CPU
		{EC6F0DEF-5789-4EC7-A59E-C3571DF05C51}.Debug|Any CPU.ActiveCfg = Debug|Any CPU
		{EC6F0DEF-5789-4EC7-A59E-C3571DF05C51}.Debug|Any CPU.Build.0 = Debug|Any CPU
		{EC6F0DEF-5789-4EC7-A59E-C3571DF05C51}.Debug|x86.ActiveCfg = Debug|Any CPU
		{EC6F0DEF-5789-4EC7-A59E-C3571DF05C51}.Debug|x86.Build.0 = Debug|Any CPU
		{EC6F0DEF-5789-4EC7-A59E-C3571DF05C51}.Release|Any CPU.ActiveCfg = Release|Any CPU
		{EC6F0DEF-5789-4EC7-A59E-C3571DF05C51}.Release|Any CPU.Build.0 = Release|Any CPU
		{EC6F0DEF-5789-4EC7-A59E-C3571DF05C51}.Release|x86.ActiveCfg = Release|Any CPU
		{EC6F0DEF-5789-4EC7-A59E-C3571DF05C51}.Release|x86.Build.0 = Release|Any CPU
		{A806999E-9598-4520-A13F-3B5AC4B8B820}.Debug|Any CPU.ActiveCfg = Debug|Any CPU
		{A806999E-9598-4520-A13F-3B5AC4B8B820}.Debug|Any CPU.Build.0 = Debug|Any CPU
		{A806999E-9598-4520-A13F-3B5AC4B8B820}.Debug|x86.ActiveCfg = Debug|Any CPU
		{A806999E-9598-4520-A13F-3B5AC4B8B820}.Debug|x86.Build.0 = Debug|Any CPU
		{A806999E-9598-4520-A13F-3B5AC4B8B820}.Release|Any CPU.ActiveCfg = Release|Any CPU
		{A806999E-9598-4520-A13F-3B5AC4B8B820}.Release|Any CPU.Build.0 = Release|Any CPU
		{A806999E-9598-4520-A13F-3B5AC4B8B820}.Release|x86.ActiveCfg = Release|Any CPU
		{A806999E-9598-4520-A13F-3B5AC4B8B820}.Release|x86.Build.0 = Release|Any CPU
		{76BD1F87-0244-443F-B892-3BC4886C7CF5}.Debug|Any CPU.ActiveCfg = Debug|Any CPU
		{76BD1F87-0244-443F-B892-3BC4886C7CF5}.Debug|Any CPU.Build.0 = Debug|Any CPU
		{76BD1F87-0244-443F-B892-3BC4886C7CF5}.Debug|x86.ActiveCfg = Debug|Any CPU
		{76BD1F87-0244-443F-B892-3BC4886C7CF5}.Debug|x86.Build.0 = Debug|Any CPU
		{76BD1F87-0244-443F-B892-3BC4886C7CF5}.Release|Any CPU.ActiveCfg = Release|Any CPU
		{76BD1F87-0244-443F-B892-3BC4886C7CF5}.Release|Any CPU.Build.0 = Release|Any CPU
		{76BD1F87-0244-443F-B892-3BC4886C7CF5}.Release|x86.ActiveCfg = Release|Any CPU
		{76BD1F87-0244-443F-B892-3BC4886C7CF5}.Release|x86.Build.0 = Release|Any CPU
		{E50645AC-F12F-4C05-BB7B-9913D8C122CC}.Debug|Any CPU.ActiveCfg = Debug|Any CPU
		{E50645AC-F12F-4C05-BB7B-9913D8C122CC}.Debug|Any CPU.Build.0 = Debug|Any CPU
		{E50645AC-F12F-4C05-BB7B-9913D8C122CC}.Debug|x86.ActiveCfg = Debug|Any CPU
		{E50645AC-F12F-4C05-BB7B-9913D8C122CC}.Debug|x86.Build.0 = Debug|Any CPU
		{E50645AC-F12F-4C05-BB7B-9913D8C122CC}.Release|Any CPU.ActiveCfg = Release|Any CPU
		{E50645AC-F12F-4C05-BB7B-9913D8C122CC}.Release|Any CPU.Build.0 = Release|Any CPU
		{E50645AC-F12F-4C05-BB7B-9913D8C122CC}.Release|x86.ActiveCfg = Release|Any CPU
		{E50645AC-F12F-4C05-BB7B-9913D8C122CC}.Release|x86.Build.0 = Release|Any CPU
		{66FC9162-CB40-4964-9EA6-14A560AA8713}.Debug|Any CPU.ActiveCfg = Debug|Any CPU
		{66FC9162-CB40-4964-9EA6-14A560AA8713}.Debug|Any CPU.Build.0 = Debug|Any CPU
		{66FC9162-CB40-4964-9EA6-14A560AA8713}.Debug|x86.ActiveCfg = Debug|Any CPU
		{66FC9162-CB40-4964-9EA6-14A560AA8713}.Debug|x86.Build.0 = Debug|Any CPU
		{66FC9162-CB40-4964-9EA6-14A560AA8713}.Release|Any CPU.ActiveCfg = Release|Any CPU
		{66FC9162-CB40-4964-9EA6-14A560AA8713}.Release|Any CPU.Build.0 = Release|Any CPU
		{66FC9162-CB40-4964-9EA6-14A560AA8713}.Release|x86.ActiveCfg = Release|Any CPU
		{66FC9162-CB40-4964-9EA6-14A560AA8713}.Release|x86.Build.0 = Release|Any CPU
		{D9A1F62B-311B-4BD9-A9A7-1CF9671BD0D8}.Debug|Any CPU.ActiveCfg = Debug|Any CPU
		{D9A1F62B-311B-4BD9-A9A7-1CF9671BD0D8}.Debug|Any CPU.Build.0 = Debug|Any CPU
		{D9A1F62B-311B-4BD9-A9A7-1CF9671BD0D8}.Debug|x86.ActiveCfg = Debug|Any CPU
		{D9A1F62B-311B-4BD9-A9A7-1CF9671BD0D8}.Debug|x86.Build.0 = Debug|Any CPU
		{D9A1F62B-311B-4BD9-A9A7-1CF9671BD0D8}.Release|Any CPU.ActiveCfg = Release|Any CPU
		{D9A1F62B-311B-4BD9-A9A7-1CF9671BD0D8}.Release|Any CPU.Build.0 = Release|Any CPU
		{D9A1F62B-311B-4BD9-A9A7-1CF9671BD0D8}.Release|x86.ActiveCfg = Release|Any CPU
		{D9A1F62B-311B-4BD9-A9A7-1CF9671BD0D8}.Release|x86.Build.0 = Release|Any CPU
		{A38C0BB5-46D5-4B55-986F-550BE602A280}.Debug|Any CPU.ActiveCfg = Debug|Any CPU
		{A38C0BB5-46D5-4B55-986F-550BE602A280}.Debug|Any CPU.Build.0 = Debug|Any CPU
		{A38C0BB5-46D5-4B55-986F-550BE602A280}.Debug|x86.ActiveCfg = Debug|Any CPU
		{A38C0BB5-46D5-4B55-986F-550BE602A280}.Debug|x86.Build.0 = Debug|Any CPU
		{A38C0BB5-46D5-4B55-986F-550BE602A280}.Release|Any CPU.ActiveCfg = Release|Any CPU
		{A38C0BB5-46D5-4B55-986F-550BE602A280}.Release|Any CPU.Build.0 = Release|Any CPU
		{A38C0BB5-46D5-4B55-986F-550BE602A280}.Release|x86.ActiveCfg = Release|Any CPU
		{A38C0BB5-46D5-4B55-986F-550BE602A280}.Release|x86.Build.0 = Release|Any CPU
		{29138D42-2811-4444-80FE-E766887C0928}.Debug|Any CPU.ActiveCfg = Debug|Any CPU
		{29138D42-2811-4444-80FE-E766887C0928}.Debug|Any CPU.Build.0 = Debug|Any CPU
		{29138D42-2811-4444-80FE-E766887C0928}.Debug|x86.ActiveCfg = Debug|Any CPU
		{29138D42-2811-4444-80FE-E766887C0928}.Debug|x86.Build.0 = Debug|Any CPU
		{29138D42-2811-4444-80FE-E766887C0928}.Release|Any CPU.ActiveCfg = Release|Any CPU
		{29138D42-2811-4444-80FE-E766887C0928}.Release|Any CPU.Build.0 = Release|Any CPU
		{29138D42-2811-4444-80FE-E766887C0928}.Release|x86.ActiveCfg = Release|Any CPU
		{29138D42-2811-4444-80FE-E766887C0928}.Release|x86.Build.0 = Release|Any CPU
		{1F6C9DB1-9805-4F20-9576-E824EE43D889}.Debug|Any CPU.ActiveCfg = Debug|Any CPU
		{1F6C9DB1-9805-4F20-9576-E824EE43D889}.Debug|Any CPU.Build.0 = Debug|Any CPU
		{1F6C9DB1-9805-4F20-9576-E824EE43D889}.Debug|x86.ActiveCfg = Debug|Any CPU
		{1F6C9DB1-9805-4F20-9576-E824EE43D889}.Debug|x86.Build.0 = Debug|Any CPU
		{1F6C9DB1-9805-4F20-9576-E824EE43D889}.Release|Any CPU.ActiveCfg = Release|Any CPU
		{1F6C9DB1-9805-4F20-9576-E824EE43D889}.Release|Any CPU.Build.0 = Release|Any CPU
		{1F6C9DB1-9805-4F20-9576-E824EE43D889}.Release|x86.ActiveCfg = Release|Any CPU
		{1F6C9DB1-9805-4F20-9576-E824EE43D889}.Release|x86.Build.0 = Release|Any CPU
		{F6051E8F-98BF-4F88-8558-C532F5482D27}.Debug|Any CPU.ActiveCfg = Debug|Any CPU
		{F6051E8F-98BF-4F88-8558-C532F5482D27}.Debug|Any CPU.Build.0 = Debug|Any CPU
		{F6051E8F-98BF-4F88-8558-C532F5482D27}.Debug|x86.ActiveCfg = Debug|Any CPU
		{F6051E8F-98BF-4F88-8558-C532F5482D27}.Debug|x86.Build.0 = Debug|Any CPU
		{F6051E8F-98BF-4F88-8558-C532F5482D27}.Release|Any CPU.ActiveCfg = Release|Any CPU
		{F6051E8F-98BF-4F88-8558-C532F5482D27}.Release|Any CPU.Build.0 = Release|Any CPU
		{F6051E8F-98BF-4F88-8558-C532F5482D27}.Release|x86.ActiveCfg = Release|Any CPU
		{F6051E8F-98BF-4F88-8558-C532F5482D27}.Release|x86.Build.0 = Release|Any CPU
		{2BFACDC3-F44D-4199-8498-F5C3C4AC0335}.Debug|Any CPU.ActiveCfg = Debug|Any CPU
		{2BFACDC3-F44D-4199-8498-F5C3C4AC0335}.Debug|Any CPU.Build.0 = Debug|Any CPU
		{2BFACDC3-F44D-4199-8498-F5C3C4AC0335}.Debug|x86.ActiveCfg = Debug|Any CPU
		{2BFACDC3-F44D-4199-8498-F5C3C4AC0335}.Debug|x86.Build.0 = Debug|Any CPU
		{2BFACDC3-F44D-4199-8498-F5C3C4AC0335}.Release|Any CPU.ActiveCfg = Release|Any CPU
		{2BFACDC3-F44D-4199-8498-F5C3C4AC0335}.Release|Any CPU.Build.0 = Release|Any CPU
		{2BFACDC3-F44D-4199-8498-F5C3C4AC0335}.Release|x86.ActiveCfg = Release|Any CPU
		{2BFACDC3-F44D-4199-8498-F5C3C4AC0335}.Release|x86.Build.0 = Release|Any CPU
		{E461C0A8-8900-485C-B520-E929BA33F712}.Debug|Any CPU.ActiveCfg = Debug|Any CPU
		{E461C0A8-8900-485C-B520-E929BA33F712}.Debug|Any CPU.Build.0 = Debug|Any CPU
		{E461C0A8-8900-485C-B520-E929BA33F712}.Debug|x86.ActiveCfg = Debug|Any CPU
		{E461C0A8-8900-485C-B520-E929BA33F712}.Debug|x86.Build.0 = Debug|Any CPU
		{E461C0A8-8900-485C-B520-E929BA33F712}.Release|Any CPU.ActiveCfg = Release|Any CPU
		{E461C0A8-8900-485C-B520-E929BA33F712}.Release|Any CPU.Build.0 = Release|Any CPU
		{E461C0A8-8900-485C-B520-E929BA33F712}.Release|x86.ActiveCfg = Release|Any CPU
		{E461C0A8-8900-485C-B520-E929BA33F712}.Release|x86.Build.0 = Release|Any CPU
		{9E8A82EE-C1E4-4A23-92BB-535ACBD39320}.Debug|Any CPU.ActiveCfg = Debug|Any CPU
		{9E8A82EE-C1E4-4A23-92BB-535ACBD39320}.Debug|Any CPU.Build.0 = Debug|Any CPU
		{9E8A82EE-C1E4-4A23-92BB-535ACBD39320}.Debug|x86.ActiveCfg = Debug|Any CPU
		{9E8A82EE-C1E4-4A23-92BB-535ACBD39320}.Debug|x86.Build.0 = Debug|Any CPU
		{9E8A82EE-C1E4-4A23-92BB-535ACBD39320}.Release|Any CPU.ActiveCfg = Release|Any CPU
		{9E8A82EE-C1E4-4A23-92BB-535ACBD39320}.Release|Any CPU.Build.0 = Release|Any CPU
		{9E8A82EE-C1E4-4A23-92BB-535ACBD39320}.Release|x86.ActiveCfg = Release|Any CPU
		{9E8A82EE-C1E4-4A23-92BB-535ACBD39320}.Release|x86.Build.0 = Release|Any CPU
		{0B4548C2-C3E2-4C0B-8A5F-BCFD98BA45CF}.Debug|Any CPU.ActiveCfg = Debug|Any CPU
		{0B4548C2-C3E2-4C0B-8A5F-BCFD98BA45CF}.Debug|Any CPU.Build.0 = Debug|Any CPU
		{0B4548C2-C3E2-4C0B-8A5F-BCFD98BA45CF}.Debug|x86.ActiveCfg = Debug|Any CPU
		{0B4548C2-C3E2-4C0B-8A5F-BCFD98BA45CF}.Debug|x86.Build.0 = Debug|Any CPU
		{0B4548C2-C3E2-4C0B-8A5F-BCFD98BA45CF}.Release|Any CPU.ActiveCfg = Release|Any CPU
		{0B4548C2-C3E2-4C0B-8A5F-BCFD98BA45CF}.Release|Any CPU.Build.0 = Release|Any CPU
		{0B4548C2-C3E2-4C0B-8A5F-BCFD98BA45CF}.Release|x86.ActiveCfg = Release|Any CPU
		{0B4548C2-C3E2-4C0B-8A5F-BCFD98BA45CF}.Release|x86.Build.0 = Release|Any CPU
		{55B9FC14-8893-411D-A392-C99E47F34B53}.Debug|Any CPU.ActiveCfg = Debug|Any CPU
		{55B9FC14-8893-411D-A392-C99E47F34B53}.Debug|Any CPU.Build.0 = Debug|Any CPU
		{55B9FC14-8893-411D-A392-C99E47F34B53}.Debug|x86.ActiveCfg = Debug|Any CPU
		{55B9FC14-8893-411D-A392-C99E47F34B53}.Debug|x86.Build.0 = Debug|Any CPU
		{55B9FC14-8893-411D-A392-C99E47F34B53}.Release|Any CPU.ActiveCfg = Release|Any CPU
		{55B9FC14-8893-411D-A392-C99E47F34B53}.Release|Any CPU.Build.0 = Release|Any CPU
		{55B9FC14-8893-411D-A392-C99E47F34B53}.Release|x86.ActiveCfg = Release|Any CPU
		{55B9FC14-8893-411D-A392-C99E47F34B53}.Release|x86.Build.0 = Release|Any CPU
		{3EC25EC1-0E50-4977-8E42-012B9579B528}.Debug|Any CPU.ActiveCfg = Debug|Any CPU
		{3EC25EC1-0E50-4977-8E42-012B9579B528}.Debug|Any CPU.Build.0 = Debug|Any CPU
		{3EC25EC1-0E50-4977-8E42-012B9579B528}.Debug|x86.ActiveCfg = Debug|Any CPU
		{3EC25EC1-0E50-4977-8E42-012B9579B528}.Debug|x86.Build.0 = Debug|Any CPU
		{3EC25EC1-0E50-4977-8E42-012B9579B528}.Release|Any CPU.ActiveCfg = Release|Any CPU
		{3EC25EC1-0E50-4977-8E42-012B9579B528}.Release|Any CPU.Build.0 = Release|Any CPU
		{3EC25EC1-0E50-4977-8E42-012B9579B528}.Release|x86.ActiveCfg = Release|Any CPU
		{3EC25EC1-0E50-4977-8E42-012B9579B528}.Release|x86.Build.0 = Release|Any CPU
		{B4CC14BC-ED50-4BB8-8122-E455F9B1B215}.Debug|Any CPU.ActiveCfg = Debug|Any CPU
		{B4CC14BC-ED50-4BB8-8122-E455F9B1B215}.Debug|Any CPU.Build.0 = Debug|Any CPU
		{B4CC14BC-ED50-4BB8-8122-E455F9B1B215}.Debug|x86.ActiveCfg = Debug|Any CPU
		{B4CC14BC-ED50-4BB8-8122-E455F9B1B215}.Debug|x86.Build.0 = Debug|Any CPU
		{B4CC14BC-ED50-4BB8-8122-E455F9B1B215}.Release|Any CPU.ActiveCfg = Release|Any CPU
		{B4CC14BC-ED50-4BB8-8122-E455F9B1B215}.Release|Any CPU.Build.0 = Release|Any CPU
		{B4CC14BC-ED50-4BB8-8122-E455F9B1B215}.Release|x86.ActiveCfg = Release|Any CPU
		{B4CC14BC-ED50-4BB8-8122-E455F9B1B215}.Release|x86.Build.0 = Release|Any CPU
		{5B4900B6-C83B-419A-8659-AF09F7415EC2}.Debug|Any CPU.ActiveCfg = Debug|Any CPU
		{5B4900B6-C83B-419A-8659-AF09F7415EC2}.Debug|Any CPU.Build.0 = Debug|Any CPU
		{5B4900B6-C83B-419A-8659-AF09F7415EC2}.Debug|x86.ActiveCfg = Debug|Any CPU
		{5B4900B6-C83B-419A-8659-AF09F7415EC2}.Debug|x86.Build.0 = Debug|Any CPU
		{5B4900B6-C83B-419A-8659-AF09F7415EC2}.Release|Any CPU.ActiveCfg = Release|Any CPU
		{5B4900B6-C83B-419A-8659-AF09F7415EC2}.Release|Any CPU.Build.0 = Release|Any CPU
		{5B4900B6-C83B-419A-8659-AF09F7415EC2}.Release|x86.ActiveCfg = Release|Any CPU
		{5B4900B6-C83B-419A-8659-AF09F7415EC2}.Release|x86.Build.0 = Release|Any CPU
		{BAACA65B-A6BC-44C5-8241-3EDEC3DB5214}.Debug|Any CPU.ActiveCfg = Debug|Any CPU
		{BAACA65B-A6BC-44C5-8241-3EDEC3DB5214}.Debug|Any CPU.Build.0 = Debug|Any CPU
		{BAACA65B-A6BC-44C5-8241-3EDEC3DB5214}.Debug|x86.ActiveCfg = Debug|Any CPU
		{BAACA65B-A6BC-44C5-8241-3EDEC3DB5214}.Debug|x86.Build.0 = Debug|Any CPU
		{BAACA65B-A6BC-44C5-8241-3EDEC3DB5214}.Release|Any CPU.ActiveCfg = Release|Any CPU
		{BAACA65B-A6BC-44C5-8241-3EDEC3DB5214}.Release|Any CPU.Build.0 = Release|Any CPU
		{BAACA65B-A6BC-44C5-8241-3EDEC3DB5214}.Release|x86.ActiveCfg = Release|Any CPU
		{BAACA65B-A6BC-44C5-8241-3EDEC3DB5214}.Release|x86.Build.0 = Release|Any CPU
		{D614FA80-D264-4E2D-B07B-9515A14F9D1E}.Debug|Any CPU.ActiveCfg = Debug|Any CPU
		{D614FA80-D264-4E2D-B07B-9515A14F9D1E}.Debug|Any CPU.Build.0 = Debug|Any CPU
		{D614FA80-D264-4E2D-B07B-9515A14F9D1E}.Debug|x86.ActiveCfg = Debug|Any CPU
		{D614FA80-D264-4E2D-B07B-9515A14F9D1E}.Debug|x86.Build.0 = Debug|Any CPU
		{D614FA80-D264-4E2D-B07B-9515A14F9D1E}.Release|Any CPU.ActiveCfg = Release|Any CPU
		{D614FA80-D264-4E2D-B07B-9515A14F9D1E}.Release|Any CPU.Build.0 = Release|Any CPU
		{D614FA80-D264-4E2D-B07B-9515A14F9D1E}.Release|x86.ActiveCfg = Release|Any CPU
		{D614FA80-D264-4E2D-B07B-9515A14F9D1E}.Release|x86.Build.0 = Release|Any CPU
		{3E1D69CD-2ADE-4267-90F6-420A9647120F}.Debug|Any CPU.ActiveCfg = Debug|Any CPU
		{3E1D69CD-2ADE-4267-90F6-420A9647120F}.Debug|Any CPU.Build.0 = Debug|Any CPU
		{3E1D69CD-2ADE-4267-90F6-420A9647120F}.Debug|x86.ActiveCfg = Debug|Any CPU
		{3E1D69CD-2ADE-4267-90F6-420A9647120F}.Debug|x86.Build.0 = Debug|Any CPU
		{3E1D69CD-2ADE-4267-90F6-420A9647120F}.Release|Any CPU.ActiveCfg = Release|Any CPU
		{3E1D69CD-2ADE-4267-90F6-420A9647120F}.Release|Any CPU.Build.0 = Release|Any CPU
		{3E1D69CD-2ADE-4267-90F6-420A9647120F}.Release|x86.ActiveCfg = Release|Any CPU
		{3E1D69CD-2ADE-4267-90F6-420A9647120F}.Release|x86.Build.0 = Release|Any CPU
		{663B1EE1-E4EF-442D-A910-1D7A926BF966}.Debug|Any CPU.ActiveCfg = Debug|Any CPU
		{663B1EE1-E4EF-442D-A910-1D7A926BF966}.Debug|Any CPU.Build.0 = Debug|Any CPU
		{663B1EE1-E4EF-442D-A910-1D7A926BF966}.Debug|x86.ActiveCfg = Debug|Any CPU
		{663B1EE1-E4EF-442D-A910-1D7A926BF966}.Debug|x86.Build.0 = Debug|Any CPU
		{663B1EE1-E4EF-442D-A910-1D7A926BF966}.Release|Any CPU.ActiveCfg = Release|Any CPU
		{663B1EE1-E4EF-442D-A910-1D7A926BF966}.Release|Any CPU.Build.0 = Release|Any CPU
		{663B1EE1-E4EF-442D-A910-1D7A926BF966}.Release|x86.ActiveCfg = Release|Any CPU
		{663B1EE1-E4EF-442D-A910-1D7A926BF966}.Release|x86.Build.0 = Release|Any CPU
		{85A0EB28-B633-4297-BB2F-CBDD5C307B05}.Debug|Any CPU.ActiveCfg = Debug|Any CPU
		{85A0EB28-B633-4297-BB2F-CBDD5C307B05}.Debug|Any CPU.Build.0 = Debug|Any CPU
		{85A0EB28-B633-4297-BB2F-CBDD5C307B05}.Debug|x86.ActiveCfg = Debug|Any CPU
		{85A0EB28-B633-4297-BB2F-CBDD5C307B05}.Debug|x86.Build.0 = Debug|Any CPU
		{85A0EB28-B633-4297-BB2F-CBDD5C307B05}.Release|Any CPU.ActiveCfg = Release|Any CPU
		{85A0EB28-B633-4297-BB2F-CBDD5C307B05}.Release|Any CPU.Build.0 = Release|Any CPU
		{85A0EB28-B633-4297-BB2F-CBDD5C307B05}.Release|x86.ActiveCfg = Release|Any CPU
		{85A0EB28-B633-4297-BB2F-CBDD5C307B05}.Release|x86.Build.0 = Release|Any CPU
		{87BF4B28-8B22-4762-939F-8ADF800C5073}.Debug|Any CPU.ActiveCfg = Debug|Any CPU
		{87BF4B28-8B22-4762-939F-8ADF800C5073}.Debug|Any CPU.Build.0 = Debug|Any CPU
		{87BF4B28-8B22-4762-939F-8ADF800C5073}.Debug|x86.ActiveCfg = Debug|Any CPU
		{87BF4B28-8B22-4762-939F-8ADF800C5073}.Debug|x86.Build.0 = Debug|Any CPU
		{87BF4B28-8B22-4762-939F-8ADF800C5073}.Release|Any CPU.ActiveCfg = Release|Any CPU
		{87BF4B28-8B22-4762-939F-8ADF800C5073}.Release|Any CPU.Build.0 = Release|Any CPU
		{87BF4B28-8B22-4762-939F-8ADF800C5073}.Release|x86.ActiveCfg = Release|Any CPU
		{87BF4B28-8B22-4762-939F-8ADF800C5073}.Release|x86.Build.0 = Release|Any CPU
		{EFAAA44A-524E-49D3-8018-8B90C9F2303C}.Debug|Any CPU.ActiveCfg = Debug|Any CPU
		{EFAAA44A-524E-49D3-8018-8B90C9F2303C}.Debug|Any CPU.Build.0 = Debug|Any CPU
		{EFAAA44A-524E-49D3-8018-8B90C9F2303C}.Debug|x86.ActiveCfg = Debug|Any CPU
		{EFAAA44A-524E-49D3-8018-8B90C9F2303C}.Debug|x86.Build.0 = Debug|Any CPU
		{EFAAA44A-524E-49D3-8018-8B90C9F2303C}.Release|Any CPU.ActiveCfg = Release|Any CPU
		{EFAAA44A-524E-49D3-8018-8B90C9F2303C}.Release|Any CPU.Build.0 = Release|Any CPU
		{EFAAA44A-524E-49D3-8018-8B90C9F2303C}.Release|x86.ActiveCfg = Release|Any CPU
		{EFAAA44A-524E-49D3-8018-8B90C9F2303C}.Release|x86.Build.0 = Release|Any CPU
		{A6884038-4F54-4802-9425-262C55C85BD0}.Debug|Any CPU.ActiveCfg = Debug|Any CPU
		{A6884038-4F54-4802-9425-262C55C85BD0}.Debug|Any CPU.Build.0 = Debug|Any CPU
		{A6884038-4F54-4802-9425-262C55C85BD0}.Debug|x86.ActiveCfg = Debug|Any CPU
		{A6884038-4F54-4802-9425-262C55C85BD0}.Debug|x86.Build.0 = Debug|Any CPU
		{A6884038-4F54-4802-9425-262C55C85BD0}.Release|Any CPU.ActiveCfg = Release|Any CPU
		{A6884038-4F54-4802-9425-262C55C85BD0}.Release|Any CPU.Build.0 = Release|Any CPU
		{A6884038-4F54-4802-9425-262C55C85BD0}.Release|x86.ActiveCfg = Release|Any CPU
		{A6884038-4F54-4802-9425-262C55C85BD0}.Release|x86.Build.0 = Release|Any CPU
	EndGlobalSection
	GlobalSection(SolutionProperties) = preSolution
		HideSolutionNode = FALSE
	EndGlobalSection
	GlobalSection(NestedProjects) = preSolution
		{7E42342B-D7CD-43CB-9EEF-9D5BD1E87877} = {A26473E1-2CCB-44F7-801D-56521E6BB34D}
		{EC5AFD60-10D8-4A6E-B970-ABFEF70E78D0} = {A26473E1-2CCB-44F7-801D-56521E6BB34D}
		{8881A46B-9894-4645-9432-26095EF2959E} = {A26473E1-2CCB-44F7-801D-56521E6BB34D}
		{6E9FA336-3A46-4CF9-8F82-C6BFF19DAE55} = {A38A864C-4671-4D7F-839C-DA25F7CD65B9}
		{D3C24821-5705-4797-91F9-F267CC0F276A} = {C3389E85-AFF8-4B8C-84C7-B1336339BD60}
		{E43AEC15-1EF9-410B-8B40-23992AAC7AEE} = {D3C24821-5705-4797-91F9-F267CC0F276A}
		{0667A662-E4FC-43AE-B159-9E67EA956596} = {C3389E85-AFF8-4B8C-84C7-B1336339BD60}
		{FBDE95DC-3599-49A3-AAB2-EDEB7CCADD0F} = {0667A662-E4FC-43AE-B159-9E67EA956596}
		{02A6CF4C-4E65-4F8A-90AA-93A83CAE24FE} = {C3389E85-AFF8-4B8C-84C7-B1336339BD60}
		{3FD6B6BB-4E4B-45AB-B900-FDEA13AFA8E2} = {02A6CF4C-4E65-4F8A-90AA-93A83CAE24FE}
		{D2A90AB9-75C1-4333-B84F-EB16CF026A75} = {02A6CF4C-4E65-4F8A-90AA-93A83CAE24FE}
		{60CA3410-3B48-479D-975C-1884534FE433} = {02A6CF4C-4E65-4F8A-90AA-93A83CAE24FE}
		{1E7B753B-04EC-470A-8773-52933622005D} = {B226E35A-B6C3-40E7-B60F-00A31787B489}
		{A2EBDC1B-7CEC-41FD-A3B3-309709301EAF} = {B226E35A-B6C3-40E7-B60F-00A31787B489}
		{CA54177F-4E12-429D-8E55-05F046A083A7} = {B226E35A-B6C3-40E7-B60F-00A31787B489}
		{5D5F6C3A-CAB4-4EF2-A05D-9474CBFB4868} = {B226E35A-B6C3-40E7-B60F-00A31787B489}
		{6316B3B0-D078-4469-852C-6E10C9A2BFC7} = {5D5F6C3A-CAB4-4EF2-A05D-9474CBFB4868}
		{B0070CF1-201D-4D26-BE7A-43148F643B45} = {5D5F6C3A-CAB4-4EF2-A05D-9474CBFB4868}
		{2C692C8E-69A0-4826-9BE5-530D2C9DB1EE} = {27C65232-CDAD-4745-8895-A608C584ABE5}
		{0321196F-265E-4AF2-980D-B9271DAC4570} = {2C692C8E-69A0-4826-9BE5-530D2C9DB1EE}
		{E4953988-B857-4DDB-814F-67015B30E45F} = {27C65232-CDAD-4745-8895-A608C584ABE5}
		{32529BC5-B9BF-4626-8F57-ADCC9FD69857} = {E4953988-B857-4DDB-814F-67015B30E45F}
		{560F7A1D-424B-4DC2-9FCA-0D79DA9E7440} = {27C65232-CDAD-4745-8895-A608C584ABE5}
		{EC6F0DEF-5789-4EC7-A59E-C3571DF05C51} = {560F7A1D-424B-4DC2-9FCA-0D79DA9E7440}
		{A806999E-9598-4520-A13F-3B5AC4B8B820} = {560F7A1D-424B-4DC2-9FCA-0D79DA9E7440}
		{87309B39-1709-49AC-B0D8-BD57133E0C90} = {B7AC3A18-D697-4D3F-85FC-422FC10D77B8}
		{76BD1F87-0244-443F-B892-3BC4886C7CF5} = {87309B39-1709-49AC-B0D8-BD57133E0C90}
		{E50645AC-F12F-4C05-BB7B-9913D8C122CC} = {87309B39-1709-49AC-B0D8-BD57133E0C90}
		{66FC9162-CB40-4964-9EA6-14A560AA8713} = {87309B39-1709-49AC-B0D8-BD57133E0C90}
		{D9A1F62B-311B-4BD9-A9A7-1CF9671BD0D8} = {87309B39-1709-49AC-B0D8-BD57133E0C90}
		{A38C0BB5-46D5-4B55-986F-550BE602A280} = {BEE20C7D-175C-4A9F-B4C8-97D7BBFB2150}
		{29138D42-2811-4444-80FE-E766887C0928} = {BEE20C7D-175C-4A9F-B4C8-97D7BBFB2150}
		{EA5429B1-5EFC-45C2-8BAF-F22A21B2F056} = {BEE20C7D-175C-4A9F-B4C8-97D7BBFB2150}
		{1F6C9DB1-9805-4F20-9576-E824EE43D889} = {EA5429B1-5EFC-45C2-8BAF-F22A21B2F056}
		{F6051E8F-98BF-4F88-8558-C532F5482D27} = {EA5429B1-5EFC-45C2-8BAF-F22A21B2F056}
		{2BFACDC3-F44D-4199-8498-F5C3C4AC0335} = {C20828F5-BF5B-4196-8B84-161C0159A77D}
		{E461C0A8-8900-485C-B520-E929BA33F712} = {C20828F5-BF5B-4196-8B84-161C0159A77D}
		{9E8A82EE-C1E4-4A23-92BB-535ACBD39320} = {25749EEE-39E5-4D0F-99DE-1AF471539655}
		{0B4548C2-C3E2-4C0B-8A5F-BCFD98BA45CF} = {25749EEE-39E5-4D0F-99DE-1AF471539655}
		{55B9FC14-8893-411D-A392-C99E47F34B53} = {25749EEE-39E5-4D0F-99DE-1AF471539655}
		{91E63EDB-E4F4-4133-BC8C-FBE8C31685A8} = {25749EEE-39E5-4D0F-99DE-1AF471539655}
		{3EC25EC1-0E50-4977-8E42-012B9579B528} = {91E63EDB-E4F4-4133-BC8C-FBE8C31685A8}
		{B4CC14BC-ED50-4BB8-8122-E455F9B1B215} = {91E63EDB-E4F4-4133-BC8C-FBE8C31685A8}
		{52B5F531-80A0-48F4-A4AA-F81A980A8E07} = {16738D99-3F76-4033-BC8C-F2C691135388}
		{5B4900B6-C83B-419A-8659-AF09F7415EC2} = {52B5F531-80A0-48F4-A4AA-F81A980A8E07}
		{BAACA65B-A6BC-44C5-8241-3EDEC3DB5214} = {52B5F531-80A0-48F4-A4AA-F81A980A8E07}
		{D614FA80-D264-4E2D-B07B-9515A14F9D1E} = {52B5F531-80A0-48F4-A4AA-F81A980A8E07}
		{B4F0157F-E818-4039-976E-21FBD4C7F0BB} = {16738D99-3F76-4033-BC8C-F2C691135388}
		{3E1D69CD-2ADE-4267-90F6-420A9647120F} = {B4F0157F-E818-4039-976E-21FBD4C7F0BB}
		{663B1EE1-E4EF-442D-A910-1D7A926BF966} = {B7357FAF-C06D-4584-AE26-C9C46654EE53}
		{85A0EB28-B633-4297-BB2F-CBDD5C307B05} = {D41EB1CF-0FC6-4663-B53B-8AFE5C6592AF}
		{87BF4B28-8B22-4762-939F-8ADF800C5073} = {45C05E45-47DD-4713-854F-5F2EF6878438}
		{EFAAA44A-524E-49D3-8018-8B90C9F2303C} = {45C05E45-47DD-4713-854F-5F2EF6878438}
		{A6884038-4F54-4802-9425-262C55C85BD0} = {45C05E45-47DD-4713-854F-5F2EF6878438}
	EndGlobalSection
	GlobalSection(ExtensibilityGlobals) = postSolution
		SolutionGuid = {E8B064F7-E636-40B8-BF3D-BB215C3C0503}
	EndGlobalSection
EndGlobal
